
Microsoft Visual Studio Solution File, Format Version 12.00
# Visual Studio 15
VisualStudioVersion = 15.0.28307.168
MinimumVisualStudioVersion = 10.0.40219.1
Project("{FAE04EC0-301F-11D3-BF4B-00C04F79EFBC}") = "Banking_Program", "Banking_Program\Banking_Program.csproj", "{A9E2A01E-206B-4586-8BD7-390F592A218C}"
EndProject
Global
	GlobalSection(SolutionConfigurationPlatforms) = preSolution
		Debug|Any CPU = Debug|Any CPU
		Release|Any CPU = Release|Any CPU
	EndGlobalSection
	GlobalSection(ProjectConfigurationPlatforms) = postSolution
		{A9E2A01E-206B-4586-8BD7-390F592A218C}.Debug|Any CPU.ActiveCfg = Debug|Any CPU
		{A9E2A01E-206B-4586-8BD7-390F592A218C}.Debug|Any CPU.Build.0 = Debug|Any CPU
		{A9E2A01E-206B-4586-8BD7-390F592A218C}.Release|Any CPU.ActiveCfg = Release|Any CPU
		{A9E2A01E-206B-4586-8BD7-390F592A218C}.Release|Any CPU.Build.0 = Release|Any CPU
	EndGlobalSection
	GlobalSection(SolutionProperties) = preSolution
		HideSolutionNode = FALSE
	EndGlobalSection
	GlobalSection(ExtensibilityGlobals) = postSolution
		SolutionGuid = {04A53507-A149-492F-AE05-F2643A7F82A6}
	EndGlobalSection
EndGlobal
